
Microsoft Visual Studio Solution File, Format Version 12.00
# Visual Studio Version 17
VisualStudioVersion = 17.9.34723.18
MinimumVisualStudioVersion = 10.0.40219.1
Project("{8BC9CEB8-8B4A-11D0-8D11-00A0C91BC942}") = "Algo_proj_cpp", "Algo_proj_cpp.vcxproj", "{E20D3D2E-96BF-4AF9-92B9-7676C850FF92}"
EndProject
Global
	GlobalSection(SolutionConfigurationPlatforms) = preSolution
		Debug|x64 = Debug|x64
		Debug|x86 = Debug|x86
		Release|x64 = Release|x64
		Release|x86 = Release|x86
	EndGlobalSection
	GlobalSection(ProjectConfigurationPlatforms) = postSolution
		{E20D3D2E-96BF-4AF9-92B9-7676C850FF92}.Debug|x64.ActiveCfg = Debug|x64
		{E20D3D2E-96BF-4AF9-92B9-7676C850FF92}.Debug|x64.Build.0 = Debug|x64
		{E20D3D2E-96BF-4AF9-92B9-7676C850FF92}.Debug|x86.ActiveCfg = Debug|Win32
		{E20D3D2E-96BF-4AF9-92B9-7676C850FF92}.Debug|x86.Build.0 = Debug|Win32
		{E20D3D2E-96BF-4AF9-92B9-7676C850FF92}.Release|x64.ActiveCfg = Release|x64
		{E20D3D2E-96BF-4AF9-92B9-7676C850FF92}.Release|x64.Build.0 = Release|x64
		{E20D3D2E-96BF-4AF9-92B9-7676C850FF92}.Release|x86.ActiveCfg = Release|Win32
		{E20D3D2E-96BF-4AF9-92B9-7676C850FF92}.Release|x86.Build.0 = Release|Win32
	EndGlobalSection
	GlobalSection(SolutionProperties) = preSolution
		HideSolutionNode = FALSE
	EndGlobalSection
	GlobalSection(ExtensibilityGlobals) = postSolution
		SolutionGuid = {4BCF314A-FE93-42C9-97D7-21D3A017C20D}
	EndGlobalSection
EndGlobal
